// !$*UTF8*$!
{
	archiveVersion = 1;
	classes = {
	};
	objectVersion = 46;
	objects = {

/* Begin PBXBuildFile section */
		147300D61AB69FE40000DBE0 /* AppDelegate.swift in Sources */ = {isa = PBXBuildFile; fileRef = 147300D51AB69FE40000DBE0 /* AppDelegate.swift */; };
		147300D81AB69FE40000DBE0 /* ViewController.swift in Sources */ = {isa = PBXBuildFile; fileRef = 147300D71AB69FE40000DBE0 /* ViewController.swift */; };
		147300DB1AB69FE40000DBE0 /* Main.storyboard in Resources */ = {isa = PBXBuildFile; fileRef = 147300D91AB69FE40000DBE0 /* Main.storyboard */; };
		147300DD1AB69FE40000DBE0 /* Images.xcassets in Resources */ = {isa = PBXBuildFile; fileRef = 147300DC1AB69FE40000DBE0 /* Images.xcassets */; };
		147300E01AB69FE40000DBE0 /* LaunchScreen.xib in Resources */ = {isa = PBXBuildFile; fileRef = 147300DE1AB69FE40000DBE0 /* LaunchScreen.xib */; };
		147300EC1AB69FE40000DBE0 /* SecondAutoLayoutTests.swift in Sources */ = {isa = PBXBuildFile; fileRef = 147300EB1AB69FE40000DBE0 /* SecondAutoLayoutTests.swift */; };
/* End PBXBuildFile section */

/* Begin PBXContainerItemProxy section */
		147300E61AB69FE40000DBE0 /* PBXContainerItemProxy */ = {
			isa = PBXContainerItemProxy;
			containerPortal = 147300C81AB69FE30000DBE0 /* Project object */;
			proxyType = 1;
			remoteGlobalIDString = 147300CF1AB69FE30000DBE0;
			remoteInfo = SecondAutoLayout;
		};
/* End PBXContainerItemProxy section */

/* Begin PBXFileReference section */
		147300D01AB69FE40000DBE0 /* SecondAutoLayout.app */ = {isa = PBXFileReference; explicitFileType = wrapper.application; includeInIndex = 0; path = SecondAutoLayout.app; sourceTree = BUILT_PRODUCTS_DIR; };
		147300D41AB69FE40000DBE0 /* Info.plist */ = {isa = PBXFileReference; lastKnownFileType = text.plist.xml; path = Info.plist; sourceTree = "<group>"; };
		147300D51AB69FE40000DBE0 /* AppDelegate.swift */ = {isa = PBXFileReference; lastKnownFileType = sourcecode.swift; path = AppDelegate.swift; sourceTree = "<group>"; };
		147300D71AB69FE40000DBE0 /* ViewController.swift */ = {isa = PBXFileReference; lastKnownFileType = sourcecode.swift; path = ViewController.swift; sourceTree = "<group>"; };
		147300DA1AB69FE40000DBE0 /* Base */ = {isa = PBXFileReference; lastKnownFileType = file.storyboard; name = Base; path = Base.lproj/Main.storyboard; sourceTree = "<group>"; };
		147300DC1AB69FE40000DBE0 /* Images.xcassets */ = {isa = PBXFileReference; lastKnownFileType = folder.assetcatalog; path = Images.xcassets; sourceTree = "<group>"; };
		147300DF1AB69FE40000DBE0 /* Base */ = {isa = PBXFileReference; lastKnownFileType = file.xib; name = Base; path = Base.lproj/LaunchScreen.xib; sourceTree = "<group>"; };
		147300E51AB69FE40000DBE0 /* SecondAutoLayoutTests.xctest */ = {isa = PBXFileReference; explicitFileType = wrapper.cfbundle; includeInIndex = 0; path = SecondAutoLayoutTests.xctest; sourceTree = BUILT_PRODUCTS_DIR; };
		147300EA1AB69FE40000DBE0 /* Info.plist */ = {isa = PBXFileReference; lastKnownFileType = text.plist.xml; path = Info.plist; sourceTree = "<group>"; };
		147300EB1AB69FE40000DBE0 /* SecondAutoLayoutTests.swift */ = {isa = PBXFileReference; lastKnownFileType = sourcecode.swift; path = SecondAutoLayoutTests.swift; sourceTree = "<group>"; };
/* End PBXFileReference section */

/* Begin PBXFrameworksBuildPhase section */
		147300CD1AB69FE30000DBE0 /* Frameworks */ = {
			isa = PBXFrameworksBuildPhase;
			buildActionMask = 2147483647;
			files = (
			);
			runOnlyForDeploymentPostprocessing = 0;
		};
		147300E21AB69FE40000DBE0 /* Frameworks */ = {
			isa = PBXFrameworksBuildPhase;
			buildActionMask = 2147483647;
			files = (
			);
			runOnlyForDeploymentPostprocessing = 0;
		};
/* End PBXFrameworksBuildPhase section */

/* Begin PBXGroup section */
		147300C71AB69FE30000DBE0 = {
			isa = PBXGroup;
			children = (
				147300D21AB69FE40000DBE0 /* SecondAutoLayout */,
				147300E81AB69FE40000DBE0 /* SecondAutoLayoutTests */,
				147300D11AB69FE40000DBE0 /* Products */,
			);
			sourceTree = "<group>";
		};
		147300D11AB69FE40000DBE0 /* Products */ = {
			isa = PBXGroup;
			children = (
				147300D01AB69FE40000DBE0 /* SecondAutoLayout.app */,
				147300E51AB69FE40000DBE0 /* SecondAutoLayoutTests.xctest */,
			);
			name = Products;
			sourceTree = "<group>";
		};
		147300D21AB69FE40000DBE0 /* SecondAutoLayout */ = {
			isa = PBXGroup;
			children = (
				147300D51AB69FE40000DBE0 /* AppDelegate.swift */,
				147300D71AB69FE40000DBE0 /* ViewController.swift */,
				147300D91AB69FE40000DBE0 /* Main.storyboard */,
				147300DC1AB69FE40000DBE0 /* Images.xcassets */,
				147300DE1AB69FE40000DBE0 /* LaunchScreen.xib */,
				147300D31AB69FE40000DBE0 /* Supporting Files */,
			);
			path = SecondAutoLayout;
			sourceTree = "<group>";
		};
		147300D31AB69FE40000DBE0 /* Supporting Files */ = {
			isa = PBXGroup;
			children = (
				147300D41AB69FE40000DBE0 /* Info.plist */,
			);
			name = "Supporting Files";
			sourceTree = "<group>";
		};
		147300E81AB69FE40000DBE0 /* SecondAutoLayoutTests */ = {
			isa = PBXGroup;
			children = (
				147300EB1AB69FE40000DBE0 /* SecondAutoLayoutTests.swift */,
				147300E91AB69FE40000DBE0 /* Supporting Files */,
			);
			path = SecondAutoLayoutTests;
			sourceTree = "<group>";
		};
		147300E91AB69FE40000DBE0 /* Supporting Files */ = {
			isa = PBXGroup;
			children = (
				147300EA1AB69FE40000DBE0 /* Info.plist */,
			);
			name = "Supporting Files";
			sourceTree = "<group>";
		};
/* End PBXGroup section */

/* Begin PBXNativeTarget section */
		147300CF1AB69FE30000DBE0 /* SecondAutoLayout */ = {
			isa = PBXNativeTarget;
			buildConfigurationList = 147300EF1AB69FE40000DBE0 /* Build configuration list for PBXNativeTarget "SecondAutoLayout" */;
			buildPhases = (
				147300CC1AB69FE30000DBE0 /* Sources */,
				147300CD1AB69FE30000DBE0 /* Frameworks */,
				147300CE1AB69FE30000DBE0 /* Resources */,
			);
			buildRules = (
			);
			dependencies = (
			);
			name = SecondAutoLayout;
			productName = SecondAutoLayout;
			productReference = 147300D01AB69FE40000DBE0 /* SecondAutoLayout.app */;
			productType = "com.apple.product-type.application";
		};
		147300E41AB69FE40000DBE0 /* SecondAutoLayoutTests */ = {
			isa = PBXNativeTarget;
			buildConfigurationList = 147300F21AB69FE40000DBE0 /* Build configuration list for PBXNativeTarget "SecondAutoLayoutTests" */;
			buildPhases = (
				147300E11AB69FE40000DBE0 /* Sources */,
				147300E21AB69FE40000DBE0 /* Frameworks */,
				147300E31AB69FE40000DBE0 /* Resources */,
			);
			buildRules = (
			);
			dependencies = (
				147300E71AB69FE40000DBE0 /* PBXTargetDependency */,
			);
			name = SecondAutoLayoutTests;
			productName = SecondAutoLayoutTests;
			productReference = 147300E51AB69FE40000DBE0 /* SecondAutoLayoutTests.xctest */;
			productType = "com.apple.product-type.bundle.unit-test";
		};
/* End PBXNativeTarget section */

/* Begin PBXProject section */
		147300C81AB69FE30000DBE0 /* Project object */ = {
			isa = PBXProject;
			attributes = {
				LastUpgradeCheck = 0610;
				ORGANIZATIONNAME = "Ben Blanchard";
				TargetAttributes = {
					147300CF1AB69FE30000DBE0 = {
						CreatedOnToolsVersion = 6.1.1;
					};
					147300E41AB69FE40000DBE0 = {
						CreatedOnToolsVersion = 6.1.1;
						TestTargetID = 147300CF1AB69FE30000DBE0;
					};
				};
			};
			buildConfigurationList = 147300CB1AB69FE30000DBE0 /* Build configuration list for PBXProject "SecondAutoLayout" */;
			compatibilityVersion = "Xcode 3.2";
			developmentRegion = English;
			hasScannedForEncodings = 0;
			knownRegions = (
				en,
				Base,
			);
			mainGroup = 147300C71AB69FE30000DBE0;
			productRefGroup = 147300D11AB69FE40000DBE0 /* Products */;
			projectDirPath = "";
			projectRoot = "";
			targets = (
				147300CF1AB69FE30000DBE0 /* SecondAutoLayout */,
				147300E41AB69FE40000DBE0 /* SecondAutoLayoutTests */,
			);
		};
/* End PBXProject section */

/* Begin PBXResourcesBuildPhase section */
		147300CE1AB69FE30000DBE0 /* Resources */ = {
			isa = PBXResourcesBuildPhase;
			buildActionMask = 2147483647;
			files = (
				147300DB1AB69FE40000DBE0 /* Main.storyboard in Resources */,
				147300E01AB69FE40000DBE0 /* LaunchScreen.xib in Resources */,
				147300DD1AB69FE40000DBE0 /* Images.xcassets in Resources */,
			);
			runOnlyForDeploymentPostprocessing = 0;
		};
		147300E31AB69FE40000DBE0 /* Resources */ = {
			isa = PBXResourcesBuildPhase;
			buildActionMask = 2147483647;
			files = (
			);
			runOnlyForDeploymentPostprocessing = 0;
		};
/* End PBXResourcesBuildPhase section */

/* Begin PBXSourcesBuildPhase section */
		147300CC1AB69FE30000DBE0 /* Sources */ = {
			isa = PBXSourcesBuildPhase;
			buildActionMask = 2147483647;
			files = (
				147300D81AB69FE40000DBE0 /* ViewController.swift in Sources */,
				147300D61AB69FE40000DBE0 /* AppDelegate.swift in Sources */,
			);
			runOnlyForDeploymentPostprocessing = 0;
		};
		147300E11AB69FE40000DBE0 /* Sources */ = {
			isa = PBXSourcesBuildPhase;
			buildActionMask = 2147483647;
			files = (
				147300EC1AB69FE40000DBE0 /* SecondAutoLayoutTests.swift in Sources */,
			);
			runOnlyForDeploymentPostprocessing = 0;
		};
/* End PBXSourcesBuildPhase section */

/* Begin PBXTargetDependency section */
		147300E71AB69FE40000DBE0 /* PBXTargetDependency */ = {
			isa = PBXTargetDependency;
			target = 147300CF1AB69FE30000DBE0 /* SecondAutoLayout */;
			targetProxy = 147300E61AB69FE40000DBE0 /* PBXContainerItemProxy */;
		};
/* End PBXTargetDependency section */

/* Begin PBXVariantGroup section */
		147300D91AB69FE40000DBE0 /* Main.storyboard */ = {
			isa = PBXVariantGroup;
			children = (
				147300DA1AB69FE40000DBE0 /* Base */,
			);
			name = Main.storyboard;
			sourceTree = "<group>";
		};
		147300DE1AB69FE40000DBE0 /* LaunchScreen.xib */ = {
			isa = PBXVariantGroup;
			children = (
				147300DF1AB69FE40000DBE0 /* Base */,
			);
			name = LaunchScreen.xib;
			sourceTree = "<group>";
		};
/* End PBXVariantGroup section */

/* Begin XCBuildConfiguration section */
		147300ED1AB69FE40000DBE0 /* Debug */ = {
			isa = XCBuildConfiguration;
			buildSettings = {
				ALWAYS_SEARCH_USER_PATHS = NO;
				CLANG_CXX_LANGUAGE_STANDARD = "gnu++0x";
				CLANG_CXX_LIBRARY = "libc++";
				CLANG_ENABLE_MODULES = YES;
				CLANG_ENABLE_OBJC_ARC = YES;
				CLANG_WARN_BOOL_CONVERSION = YES;
				CLANG_WARN_CONSTANT_CONVERSION = YES;
				CLANG_WARN_DIRECT_OBJC_ISA_USAGE = YES_ERROR;
				CLANG_WARN_EMPTY_BODY = YES;
				CLANG_WARN_ENUM_CONVERSION = YES;
				CLANG_WARN_INT_CONVERSION = YES;
				CLANG_WARN_OBJC_ROOT_CLASS = YES_ERROR;
				CLANG_WARN_UNREACHABLE_CODE = YES;
				CLANG_WARN__DUPLICATE_METHOD_MATCH = YES;
				"CODE_SIGN_IDENTITY[sdk=iphoneos*]" = "iPhone Developer";
				COPY_PHASE_STRIP = NO;
				ENABLE_STRICT_OBJC_MSGSEND = YES;
				GCC_C_LANGUAGE_STANDARD = gnu99;
				GCC_DYNAMIC_NO_PIC = NO;
				GCC_OPTIMIZATION_LEVEL = 0;
				GCC_PREPROCESSOR_DEFINITIONS = (
					"DEBUG=1",
					"$(inherited)",
				);
				GCC_SYMBOLS_PRIVATE_EXTERN = NO;
				GCC_WARN_64_TO_32_BIT_CONVERSION = YES;
				GCC_WARN_ABOUT_RETURN_TYPE = YES_ERROR;
				GCC_WARN_UNDECLARED_SELECTOR = YES;
				GCC_WARN_UNINITIALIZED_AUTOS = YES_AGGRESSIVE;
				GCC_WARN_UNUSED_FUNCTION = YES;
				GCC_WARN_UNUSED_VARIABLE = YES;
				IPHONEOS_DEPLOYMENT_TARGET = 8.1;
				MTL_ENABLE_DEBUG_INFO = YES;
				ONLY_ACTIVE_ARCH = YES;
				SDKROOT = iphoneos;
				SWIFT_OPTIMIZATION_LEVEL = "-Onone";
				TARGETED_DEVICE_FAMILY = "1,2";
			};
			name = Debug;
		};
		147300EE1AB69FE40000DBE0 /* Release */ = {
			isa = XCBuildConfiguration;
			buildSettings = {
				ALWAYS_SEARCH_USER_PATHS = NO;
				CLANG_CXX_LANGUAGE_STANDARD = "gnu++0x";
				CLANG_CXX_LIBRARY = "libc++";
				CLANG_ENABLE_MODULES = YES;
				CLANG_ENABLE_OBJC_ARC = YES;
				CLANG_WARN_BOOL_CONVERSION = YES;
				CLANG_WARN_CONSTANT_CONVERSION = YES;
				CLANG_WARN_DIRECT_OBJC_ISA_USAGE = YES_ERROR;
				CLANG_WARN_EMPTY_BODY = YES;
				CLANG_WARN_ENUM_CONVERSION = YES;
				CLANG_WARN_INT_CONVERSION = YES;
				CLANG_WARN_OBJC_ROOT_CLASS = YES_ERROR;
				CLANG_WARN_UNREACHABLE_CODE = YES;
				CLANG_WARN__DUPLICATE_METHOD_MATCH = YES;
				"CODE_SIGN_IDENTITY[sdk=iphoneos*]" = "iPhone Developer";
				COPY_PHASE_STRIP = YES;
				ENABLE_NS_ASSERTIONS = NO;
				ENABLE_STRICT_OBJC_MSGSEND = YES;
				GCC_C_LANGUAGE_STANDARD = gnu99;
				GCC_WARN_64_TO_32_BIT_CONVERSION = YES;
				GCC_WARN_ABOUT_RETURN_TYPE = YES_ERROR;
				GCC_WARN_UNDECLARED_SELECTOR = YES;
				GCC_WARN_UNINITIALIZED_AUTOS = YES_AGGRESSIVE;
				GCC_WARN_UNUSED_FUNCTION = YES;
				GCC_WARN_UNUSED_VARIABLE = YES;
				IPHONEOS_DEPLOYMENT_TARGET = 8.1;
				MTL_ENABLE_DEBUG_INFO = NO;
				SDKROOT = iphoneos;
				TARGETED_DEVICE_FAMILY = "1,2";
				VALIDATE_PRODUCT = YES;
			};
			name = Release;
		};
		147300F01AB69FE40000DBE0 /* Debug */ = {
			isa = XCBuildConfiguration;
			buildSettings = {
				ASSETCATALOG_COMPILER_APPICON_NAME = AppIcon;
				INFOPLIST_FILE = SecondAutoLayout/Info.plist;
				LD_RUNPATH_SEARCH_PATHS = "$(inherited) @executable_path/Frameworks";
				PRODUCT_NAME = "$(TARGET_NAME)";
			};
			name = Debug;
		};
		147300F11AB69FE40000DBE0 /* Release */ = {
			isa = XCBuildConfiguration;
			buildSettings = {
				ASSETCATALOG_COMPILER_APPICON_NAME = AppIcon;
				INFOPLIST_FILE = SecondAutoLayout/Info.plist;
				LD_RUNPATH_SEARCH_PATHS = "$(inherited) @executable_path/Frameworks";
				PRODUCT_NAME = "$(TARGET_NAME)";
			};
			name = Release;
		};
		147300F31AB69FE40000DBE0 /* Debug */ = {
			isa = XCBuildConfiguration;
			buildSettings = {
				BUNDLE_LOADER = "$(TEST_HOST)";
				FRAMEWORK_SEARCH_PATHS = (
					"$(SDKROOT)/Developer/Library/Frameworks",
					"$(inherited)",
				);
				GCC_PREPROCESSOR_DEFINITIONS = (
					"DEBUG=1",
					"$(inherited)",
				);
				INFOPLIST_FILE = SecondAutoLayoutTests/Info.plist;
				LD_RUNPATH_SEARCH_PATHS = "$(inherited) @executable_path/Frameworks @loader_path/Frameworks";
				PRODUCT_NAME = "$(TARGET_NAME)";
				TEST_HOST = "$(BUILT_PRODUCTS_DIR)/SecondAutoLayout.app/SecondAutoLayout";
			};
			name = Debug;
		};
		147300F41AB69FE40000DBE0 /* Release */ = {
			isa = XCBuildConfiguration;
			buildSettings = {
				BUNDLE_LOADER = "$(TEST_HOST)";
				FRAMEWORK_SEARCH_PATHS = (
					"$(SDKROOT)/Developer/Library/Frameworks",
					"$(inherited)",
				);
				INFOPLIST_FILE = SecondAutoLayoutTests/Info.plist;
				LD_RUNPATH_SEARCH_PATHS = "$(inherited) @executable_path/Frameworks @loader_path/Frameworks";
				PRODUCT_NAME = "$(TARGET_NAME)";
				TEST_HOST = "$(BUILT_PRODUCTS_DIR)/SecondAutoLayout.app/SecondAutoLayout";
			};
			name = Release;
		};
/* End XCBuildConfiguration section */

/* Begin XCConfigurationList section */
		147300CB1AB69FE30000DBE0 /* Build configuration list for PBXProject "SecondAutoLayout" */ = {
			isa = XCConfigurationList;
			buildConfigurations = (
				147300ED1AB69FE40000DBE0 /* Debug */,
				147300EE1AB69FE40000DBE0 /* Release */,
			);
			defaultConfigurationIsVisible = 0;
			defaultConfigurationName = Release;
		};
		147300EF1AB69FE40000DBE0 /* Build configuration list for PBXNativeTarget "SecondAutoLayout" */ = {
			isa = XCConfigurationList;
			buildConfigurations = (
				147300F01AB69FE40000DBE0 /* Debug */,
				147300F11AB69FE40000DBE0 /* Release */,
			);
			defaultConfigurationIsVisible = 0;
		};
		147300F21AB69FE40000DBE0 /* Build configuration list for PBXNativeTarget "SecondAutoLayoutTests" */ = {
			isa = XCConfigurationList;
			buildConfigurations = (
				147300F31AB69FE40000DBE0 /* Debug */,
				147300F41AB69FE40000DBE0 /* Release */,
			);
			defaultConfigurationIsVisible = 0;
		};
/* End XCConfigurationList section */
	};
	rootObject = 147300C81AB69FE30000DBE0 /* Project object */;
}
